// !$*UTF8*$!
{
	archiveVersion = 1;
	classes = {
	};
	objectVersion = 56;
	objects = {

/* Begin PBXBuildFile section */
		D62B109629EACE7400292D43 /* AppDelegate.swift in Sources */ = {isa = PBXBuildFile; fileRef = D62B109529EACE7400292D43 /* AppDelegate.swift */; };
		D62B109829EACE7400292D43 /* SceneDelegate.swift in Sources */ = {isa = PBXBuildFile; fileRef = D62B109729EACE7400292D43 /* SceneDelegate.swift */; };
		D62B109D29EACE7400292D43 /* Main.storyboard in Resources */ = {isa = PBXBuildFile; fileRef = D62B109B29EACE7400292D43 /* Main.storyboard */; };
		D62B109F29EACE7500292D43 /* Assets.xcassets in Resources */ = {isa = PBXBuildFile; fileRef = D62B109E29EACE7500292D43 /* Assets.xcassets */; };
		D62B10A229EACE7500292D43 /* LaunchScreen.storyboard in Resources */ = {isa = PBXBuildFile; fileRef = D62B10A029EACE7500292D43 /* LaunchScreen.storyboard */; };
		D62B10AA29EADC0900292D43 /* NewsTableViewController.swift in Sources */ = {isa = PBXBuildFile; fileRef = D62B10A929EADC0900292D43 /* NewsTableViewController.swift */; };
		D62B10AC29EADC2700292D43 /* NewsTableViewCell.swift in Sources */ = {isa = PBXBuildFile; fileRef = D62B10AB29EADC2700292D43 /* NewsTableViewCell.swift */; };
		D62B10AE29EADCFD00292D43 /* MenuTableViewCell.swift in Sources */ = {isa = PBXBuildFile; fileRef = D62B10AD29EADCFD00292D43 /* MenuTableViewCell.swift */; };
		D62B10B029EADD2700292D43 /* MenuTableViewController.swift in Sources */ = {isa = PBXBuildFile; fileRef = D62B10AF29EADD2700292D43 /* MenuTableViewController.swift */; };
		D62B10B229EAE19700292D43 /* MenuTransitionManager.swift in Sources */ = {isa = PBXBuildFile; fileRef = D62B10B129EAE19700292D43 /* MenuTransitionManager.swift */; };
/* End PBXBuildFile section */

/* Begin PBXFileReference section */
		D62B109229EACE7400292D43 /* Slide Down Menu Demo.app */ = {isa = PBXFileReference; explicitFileType = wrapper.application; includeInIndex = 0; path = "Slide Down Menu Demo.app"; sourceTree = BUILT_PRODUCTS_DIR; };
		D62B109529EACE7400292D43 /* AppDelegate.swift */ = {isa = PBXFileReference; lastKnownFileType = sourcecode.swift; path = AppDelegate.swift; sourceTree = "<group>"; };
		D62B109729EACE7400292D43 /* SceneDelegate.swift */ = {isa = PBXFileReference; lastKnownFileType = sourcecode.swift; path = SceneDelegate.swift; sourceTree = "<group>"; };
		D62B109C29EACE7400292D43 /* Base */ = {isa = PBXFileReference; lastKnownFileType = file.storyboard; name = Base; path = Base.lproj/Main.storyboard; sourceTree = "<group>"; };
		D62B109E29EACE7500292D43 /* Assets.xcassets */ = {isa = PBXFileReference; lastKnownFileType = folder.assetcatalog; path = Assets.xcassets; sourceTree = "<group>"; };
		D62B10A129EACE7500292D43 /* Base */ = {isa = PBXFileReference; lastKnownFileType = file.storyboard; name = Base; path = Base.lproj/LaunchScreen.storyboard; sourceTree = "<group>"; };
		D62B10A329EACE7500292D43 /* Info.plist */ = {isa = PBXFileReference; lastKnownFileType = text.plist.xml; path = Info.plist; sourceTree = "<group>"; };
		D62B10A929EADC0900292D43 /* NewsTableViewController.swift */ = {isa = PBXFileReference; lastKnownFileType = sourcecode.swift; path = NewsTableViewController.swift; sourceTree = "<group>"; };
		D62B10AB29EADC2700292D43 /* NewsTableViewCell.swift */ = {isa = PBXFileReference; lastKnownFileType = sourcecode.swift; path = NewsTableViewCell.swift; sourceTree = "<group>"; };
		D62B10AD29EADCFD00292D43 /* MenuTableViewCell.swift */ = {isa = PBXFileReference; lastKnownFileType = sourcecode.swift; path = MenuTableViewCell.swift; sourceTree = "<group>"; };
		D62B10AF29EADD2700292D43 /* MenuTableViewController.swift */ = {isa = PBXFileReference; lastKnownFileType = sourcecode.swift; path = MenuTableViewController.swift; sourceTree = "<group>"; };
		D62B10B129EAE19700292D43 /* MenuTransitionManager.swift */ = {isa = PBXFileReference; lastKnownFileType = sourcecode.swift; path = MenuTransitionManager.swift; sourceTree = "<group>"; };
/* End PBXFileReference section */

/* Begin PBXFrameworksBuildPhase section */
		D62B108F29EACE7400292D43 /* Frameworks */ = {
			isa = PBXFrameworksBuildPhase;
			buildActionMask = 2147483647;
			files = (
			);
			runOnlyForDeploymentPostprocessing = 0;
		};
/* End PBXFrameworksBuildPhase section */

/* Begin PBXGroup section */
		D62B108929EACE7400292D43 = {
			isa = PBXGroup;
			children = (
				D62B109429EACE7400292D43 /* Slide Down Menu Demo */,
				D62B109329EACE7400292D43 /* Products */,
			);
			sourceTree = "<group>";
		};
		D62B109329EACE7400292D43 /* Products */ = {
			isa = PBXGroup;
			children = (
				D62B109229EACE7400292D43 /* Slide Down Menu Demo.app */,
			);
			name = Products;
			sourceTree = "<group>";
		};
		D62B109429EACE7400292D43 /* Slide Down Menu Demo */ = {
			isa = PBXGroup;
			children = (
				D62B109529EACE7400292D43 /* AppDelegate.swift */,
				D62B109729EACE7400292D43 /* SceneDelegate.swift */,
				D62B109B29EACE7400292D43 /* Main.storyboard */,
				D62B109E29EACE7500292D43 /* Assets.xcassets */,
				D62B10A029EACE7500292D43 /* LaunchScreen.storyboard */,
				D62B10A329EACE7500292D43 /* Info.plist */,
				D62B10A929EADC0900292D43 /* NewsTableViewController.swift */,
				D62B10AB29EADC2700292D43 /* NewsTableViewCell.swift */,
				D62B10AD29EADCFD00292D43 /* MenuTableViewCell.swift */,
				D62B10AF29EADD2700292D43 /* MenuTableViewController.swift */,
				D62B10B129EAE19700292D43 /* MenuTransitionManager.swift */,
			);
			path = "Slide Down Menu Demo";
			sourceTree = "<group>";
		};
/* End PBXGroup section */

/* Begin PBXNativeTarget section */
		D62B109129EACE7400292D43 /* Slide Down Menu Demo */ = {
			isa = PBXNativeTarget;
			buildConfigurationList = D62B10A629EACE7500292D43 /* Build configuration list for PBXNativeTarget "Slide Down Menu Demo" */;
			buildPhases = (
				D62B108E29EACE7400292D43 /* Sources */,
				D62B108F29EACE7400292D43 /* Frameworks */,
				D62B109029EACE7400292D43 /* Resources */,
			);
			buildRules = (
			);
			dependencies = (
			);
			name = "Slide Down Menu Demo";
			productName = "Slide Down Menu Demo";
			productReference = D62B109229EACE7400292D43 /* Slide Down Menu Demo.app */;
			productType = "com.apple.product-type.application";
		};
/* End PBXNativeTarget section */

/* Begin PBXProject section */
		D62B108A29EACE7400292D43 /* Project object */ = {
			isa = PBXProject;
			attributes = {
				BuildIndependentTargetsInParallel = 1;
				LastSwiftUpdateCheck = 1420;
				LastUpgradeCheck = 1420;
				TargetAttributes = {
					D62B109129EACE7400292D43 = {
						CreatedOnToolsVersion = 14.2;
					};
				};
			};
			buildConfigurationList = D62B108D29EACE7400292D43 /* Build configuration list for PBXProject "Slide Down Menu Demo" */;
			compatibilityVersion = "Xcode 14.0";
			developmentRegion = en;
			hasScannedForEncodings = 0;
			knownRegions = (
				en,
				Base,
			);
			mainGroup = D62B108929EACE7400292D43;
			productRefGroup = D62B109329EACE7400292D43 /* Products */;
			projectDirPath = "";
			projectRoot = "";
			targets = (
				D62B109129EACE7400292D43 /* Slide Down Menu Demo */,
			);
		};
/* End PBXProject section */

/* Begin PBXResourcesBuildPhase section */
		D62B109029EACE7400292D43 /* Resources */ = {
			isa = PBXResourcesBuildPhase;
			buildActionMask = 2147483647;
			files = (
				D62B10A229EACE7500292D43 /* LaunchScreen.storyboard in Resources */,
				D62B109F29EACE7500292D43 /* Assets.xcassets in Resources */,
				D62B109D29EACE7400292D43 /* Main.storyboard in Resources */,
			);
			runOnlyForDeploymentPostprocessing = 0;
		};
/* End PBXResourcesBuildPhase section */

/* Begin PBXSourcesBuildPhase section */
		D62B108E29EACE7400292D43 /* Sources */ = {
			isa = PBXSourcesBuildPhase;
			buildActionMask = 2147483647;
			files = (
				D62B109629EACE7400292D43 /* AppDelegate.swift in Sources */,
				D62B109829EACE7400292D43 /* SceneDelegate.swift in Sources */,
				D62B10B029EADD2700292D43 /* MenuTableViewController.swift in Sources */,
				D62B10AC29EADC2700292D43 /* NewsTableViewCell.swift in Sources */,
				D62B10AA29EADC0900292D43 /* NewsTableViewController.swift in Sources */,
				D62B10B229EAE19700292D43 /* MenuTransitionManager.swift in Sources */,
				D62B10AE29EADCFD00292D43 /* MenuTableViewCell.swift in Sources */,
			);
			runOnlyForDeploymentPostprocessing = 0;
		};
/* End PBXSourcesBuildPhase section */

/* Begin PBXVariantGroup section */
		D62B109B29EACE7400292D43 /* Main.storyboard */ = {
			isa = PBXVariantGroup;
			children = (
				D62B109C29EACE7400292D43 /* Base */,
			);
			name = Main.storyboard;
			sourceTree = "<group>";
		};
		D62B10A029EACE7500292D43 /* LaunchScreen.storyboard */ = {
			isa = PBXVariantGroup;
			children = (
				D62B10A129EACE7500292D43 /* Base */,
			);
			name = LaunchScreen.storyboard;
			sourceTree = "<group>";
		};
/* End PBXVariantGroup section */

/* Begin XCBuildConfiguration section */
		D62B10A429EACE7500292D43 /* Debug */ = {
			isa = XCBuildConfiguration;
			buildSettings = {
				ALWAYS_SEARCH_USER_PATHS = NO;
				CLANG_ANALYZER_NONNULL = YES;
				CLANG_ANALYZER_NUMBER_OBJECT_CONVERSION = YES_AGGRESSIVE;
				CLANG_CXX_LANGUAGE_STANDARD = "gnu++20";
				CLANG_ENABLE_MODULES = YES;
				CLANG_ENABLE_OBJC_ARC = YES;
				CLANG_ENABLE_OBJC_WEAK = YES;
				CLANG_WARN_BLOCK_CAPTURE_AUTORELEASING = YES;
				CLANG_WARN_BOOL_CONVERSION = YES;
				CLANG_WARN_COMMA = YES;
				CLANG_WARN_CONSTANT_CONVERSION = YES;
				CLANG_WARN_DEPRECATED_OBJC_IMPLEMENTATIONS = YES;
				CLANG_WARN_DIRECT_OBJC_ISA_USAGE = YES_ERROR;
				CLANG_WARN_DOCUMENTATION_COMMENTS = YES;
				CLANG_WARN_EMPTY_BODY = YES;
				CLANG_WARN_ENUM_CONVERSION = YES;
				CLANG_WARN_INFINITE_RECURSION = YES;
				CLANG_WARN_INT_CONVERSION = YES;
				CLANG_WARN_NON_LITERAL_NULL_CONVERSION = YES;
				CLANG_WARN_OBJC_IMPLICIT_RETAIN_SELF = YES;
				CLANG_WARN_OBJC_LITERAL_CONVERSION = YES;
				CLANG_WARN_OBJC_ROOT_CLASS = YES_ERROR;
				CLANG_WARN_QUOTED_INCLUDE_IN_FRAMEWORK_HEADER = YES;
				CLANG_WARN_RANGE_LOOP_ANALYSIS = YES;
				CLANG_WARN_STRICT_PROTOTYPES = YES;
				CLANG_WARN_SUSPICIOUS_MOVE = YES;
				CLANG_WARN_UNGUARDED_AVAILABILITY = YES_AGGRESSIVE;
				CLANG_WARN_UNREACHABLE_CODE = YES;
				CLANG_WARN__DUPLICATE_METHOD_MATCH = YES;
				COPY_PHASE_STRIP = NO;
				DEBUG_INFORMATION_FORMAT = dwarf;
				ENABLE_STRICT_OBJC_MSGSEND = YES;
				ENABLE_TESTABILITY = YES;
				GCC_C_LANGUAGE_STANDARD = gnu11;
				GCC_DYNAMIC_NO_PIC = NO;
				GCC_NO_COMMON_BLOCKS = YES;
				GCC_OPTIMIZATION_LEVEL = 0;
				GCC_PREPROCESSOR_DEFINITIONS = (
					"DEBUG=1",
					"$(inherited)",
				);
				GCC_WARN_64_TO_32_BIT_CONVERSION = YES;
				GCC_WARN_ABOUT_RETURN_TYPE = YES_ERROR;
				GCC_WARN_UNDECLARED_SELECTOR = YES;
				GCC_WARN_UNINITIALIZED_AUTOS = YES_AGGRESSIVE;
				GCC_WARN_UNUSED_FUNCTION = YES;
				GCC_WARN_UNUSED_VARIABLE = YES;
				IPHONEOS_DEPLOYMENT_TARGET = 16.2;
				MTL_ENABLE_DEBUG_INFO = INCLUDE_SOURCE;
				MTL_FAST_MATH = YES;
				ONLY_ACTIVE_ARCH = YES;
				SDKROOT = iphoneos;
				SWIFT_ACTIVE_COMPILATION_CONDITIONS = DEBUG;
				SWIFT_OPTIMIZATION_LEVEL = "-Onone";
			};
			name = Debug;
		};
		D62B10A529EACE7500292D43 /* Release */ = {
			isa = XCBuildConfiguration;
			buildSettings = {
				ALWAYS_SEARCH_USER_PATHS = NO;
				CLANG_ANALYZER_NONNULL = YES;
				CLANG_ANALYZER_NUMBER_OBJECT_CONVERSION = YES_AGGRESSIVE;
				CLANG_CXX_LANGUAGE_STANDARD = "gnu++20";
				CLANG_ENABLE_MODULES = YES;
				CLANG_ENABLE_OBJC_ARC = YES;
				CLANG_ENABLE_OBJC_WEAK = YES;
				CLANG_WARN_BLOCK_CAPTURE_AUTORELEASING = YES;
				CLANG_WARN_BOOL_CONVERSION = YES;
				CLANG_WARN_COMMA = YES;
				CLANG_WARN_CONSTANT_CONVERSION = YES;
				CLANG_WARN_DEPRECATED_OBJC_IMPLEMENTATIONS = YES;
				CLANG_WARN_DIRECT_OBJC_ISA_USAGE = YES_ERROR;
				CLANG_WARN_DOCUMENTATION_COMMENTS = YES;
				CLANG_WARN_EMPTY_BODY = YES;
				CLANG_WARN_ENUM_CONVERSION = YES;
				CLANG_WARN_INFINITE_RECURSION = YES;
				CLANG_WARN_INT_CONVERSION = YES;
				CLANG_WARN_NON_LITERAL_NULL_CONVERSION = YES;
				CLANG_WARN_OBJC_IMPLICIT_RETAIN_SELF = YES;
				CLANG_WARN_OBJC_LITERAL_CONVERSION = YES;
				CLANG_WARN_OBJC_ROOT_CLASS = YES_ERROR;
				CLANG_WARN_QUOTED_INCLUDE_IN_FRAMEWORK_HEADER = YES;
				CLANG_WARN_RANGE_LOOP_ANALYSIS = YES;
				CLANG_WARN_STRICT_PROTOTYPES = YES;
				CLANG_WARN_SUSPICIOUS_MOVE = YES;
				CLANG_WARN_UNGUARDED_AVAILABILITY = YES_AGGRESSIVE;
				CLANG_WARN_UNREACHABLE_CODE = YES;
				CLANG_WARN__DUPLICATE_METHOD_MATCH = YES;
				COPY_PHASE_STRIP = NO;
				DEBUG_INFORMATION_FORMAT = "dwarf-with-dsym";
				ENABLE_NS_ASSERTIONS = NO;
				ENABLE_STRICT_OBJC_MSGSEND = YES;
				GCC_C_LANGUAGE_STANDARD = gnu11;
				GCC_NO_COMMON_BLOCKS = YES;
				GCC_WARN_64_TO_32_BIT_CONVERSION = YES;
				GCC_WARN_ABOUT_RETURN_TYPE = YES_ERROR;
				GCC_WARN_UNDECLARED_SELECTOR = YES;
				GCC_WARN_UNINITIALIZED_AUTOS = YES_AGGRESSIVE;
				GCC_WARN_UNUSED_FUNCTION = YES;
				GCC_WARN_UNUSED_VARIABLE = YES;
				IPHONEOS_DEPLOYMENT_TARGET = 16.2;
				MTL_ENABLE_DEBUG_INFO = NO;
				MTL_FAST_MATH = YES;
				SDKROOT = iphoneos;
				SWIFT_COMPILATION_MODE = wholemodule;
				SWIFT_OPTIMIZATION_LEVEL = "-O";
				VALIDATE_PRODUCT = YES;
			};
			name = Release;
		};
		D62B10A729EACE7500292D43 /* Debug */ = {
			isa = XCBuildConfiguration;
			buildSettings = {
				ASSETCATALOG_COMPILER_APPICON_NAME = AppIcon;
				ASSETCATALOG_COMPILER_GLOBAL_ACCENT_COLOR_NAME = AccentColor;
				CODE_SIGN_STYLE = Automatic;
				CURRENT_PROJECT_VERSION = 1;
				DEVELOPMENT_TEAM = WPG5J57J5Q;
				GENERATE_INFOPLIST_FILE = YES;
				INFOPLIST_FILE = "Slide Down Menu Demo/Info.plist";
				INFOPLIST_KEY_UIApplicationSupportsIndirectInputEvents = YES;
				INFOPLIST_KEY_UILaunchStoryboardName = LaunchScreen;
				INFOPLIST_KEY_UIMainStoryboardFile = Main;
				INFOPLIST_KEY_UISupportedInterfaceOrientations_iPad = "UIInterfaceOrientationPortrait UIInterfaceOrientationPortraitUpsideDown UIInterfaceOrientationLandscapeLeft UIInterfaceOrientationLandscapeRight";
				INFOPLIST_KEY_UISupportedInterfaceOrientations_iPhone = "UIInterfaceOrientationPortrait UIInterfaceOrientationLandscapeLeft UIInterfaceOrientationLandscapeRight";
				LD_RUNPATH_SEARCH_PATHS = (
					"$(inherited)",
					"@executable_path/Frameworks",
				);
				MARKETING_VERSION = 1.0;
				PRODUCT_BUNDLE_IDENTIFIER = "id.signal.Slide-Down-Menu-Demo";
				PRODUCT_NAME = "$(TARGET_NAME)";
				SWIFT_EMIT_LOC_STRINGS = YES;
				SWIFT_VERSION = 5.0;
				TARGETED_DEVICE_FAMILY = "1,2";
			};
			name = Debug;
		};
		D62B10A829EACE7500292D43 /* Release */ = {
			isa = XCBuildConfiguration;
			buildSettings = {
				ASSETCATALOG_COMPILER_APPICON_NAME = AppIcon;
				ASSETCATALOG_COMPILER_GLOBAL_ACCENT_COLOR_NAME = AccentColor;
				CODE_SIGN_STYLE = Automatic;
				CURRENT_PROJECT_VERSION = 1;
				DEVELOPMENT_TEAM = WPG5J57J5Q;
				GENERATE_INFOPLIST_FILE = YES;
				INFOPLIST_FILE = "Slide Down Menu Demo/Info.plist";
				INFOPLIST_KEY_UIApplicationSupportsIndirectInputEvents = YES;
				INFOPLIST_KEY_UILaunchStoryboardName = LaunchScreen;
				INFOPLIST_KEY_UIMainStoryboardFile = Main;
				INFOPLIST_KEY_UISupportedInterfaceOrientations_iPad = "UIInterfaceOrientationPortrait UIInterfaceOrientationPortraitUpsideDown UIInterfaceOrientationLandscapeLeft UIInterfaceOrientationLandscapeRight";
				INFOPLIST_KEY_UISupportedInterfaceOrientations_iPhone = "UIInterfaceOrientationPortrait UIInterfaceOrientationLandscapeLeft UIInterfaceOrientationLandscapeRight";
				LD_RUNPATH_SEARCH_PATHS = (
					"$(inherited)",
					"@executable_path/Frameworks",
				);
				MARKETING_VERSION = 1.0;
				PRODUCT_BUNDLE_IDENTIFIER = "id.signal.Slide-Down-Menu-Demo";
				PRODUCT_NAME = "$(TARGET_NAME)";
				SWIFT_EMIT_LOC_STRINGS = YES;
				SWIFT_VERSION = 5.0;
				TARGETED_DEVICE_FAMILY = "1,2";
			};
			name = Release;
		};
/* End XCBuildConfiguration section */

/* Begin XCConfigurationList section */
		D62B108D29EACE7400292D43 /* Build configuration list for PBXProject "Slide Down Menu Demo" */ = {
			isa = XCConfigurationList;
			buildConfigurations = (
				D62B10A429EACE7500292D43 /* Debug */,
				D62B10A529EACE7500292D43 /* Release */,
			);
			defaultConfigurationIsVisible = 0;
			defaultConfigurationName = Release;
		};
		D62B10A629EACE7500292D43 /* Build configuration list for PBXNativeTarget "Slide Down Menu Demo" */ = {
			isa = XCConfigurationList;
			buildConfigurations = (
				D62B10A729EACE7500292D43 /* Debug */,
				D62B10A829EACE7500292D43 /* Release */,
			);
			defaultConfigurationIsVisible = 0;
			defaultConfigurationName = Release;
		};
/* End XCConfigurationList section */
	};
	rootObject = D62B108A29EACE7400292D43 /* Project object */;
}
